
Microsoft Visual Studio Solution File, Format Version 12.00
# Visual Studio 15
Project("{FAE04EC0-301F-11D3-BF4B-00C04F79EFBC}") = "tac-kictb-callcenter", "tac-kictb-callcenter.csproj", "{BDFD0077-A058-4C2A-8E2E-64A182203681}"
EndProject
Global
	GlobalSection(SolutionConfigurationPlatforms) = preSolution
		Debug|Any CPU = Debug|Any CPU
		Release|Any CPU = Release|Any CPU
	EndGlobalSection
	GlobalSection(ProjectConfigurationPlatforms) = postSolution
		{BDFD0077-A058-4C2A-8E2E-64A182203681}.Debug|Any CPU.ActiveCfg = Debug|Any CPU
		{BDFD0077-A058-4C2A-8E2E-64A182203681}.Debug|Any CPU.Build.0 = Debug|Any CPU
		{BDFD0077-A058-4C2A-8E2E-64A182203681}.Release|Any CPU.ActiveCfg = Release|Any CPU
		{BDFD0077-A058-4C2A-8E2E-64A182203681}.Release|Any CPU.Build.0 = Release|Any CPU
	EndGlobalSection
EndGlobal
